<?xml version="1.0" encoding="utf-8"?>
<Project ToolsVersion="4.0" xmlns="http://schemas.microsoft.com/developer/msbuild/2003">
  <ItemGroup>
    <Filter Include="Source Files">
      <UniqueIdentifier>{4FC737F1-C7A5-4376-A066-2A32D752A2FF}</UniqueIdentifier>
      <Extensions>cpp;c;cc;cxx;c++;cppm;ixx;def;odl;idl;hpj;bat;asm;asmx</Extensions>
    </Filter>
    <Filter Include="Header Files">
      <UniqueIdentifier>{93995380-89BD-4b04-88EB-625FBE52EBFB}</UniqueIdentifier>
      <Extensions>h;hh;hpp;hxx;h++;hm;inl;inc;ipp;xsd</Extensions>
    </Filter>
    <Filter Include="Resource Files">
      <UniqueIdentifier>{67DA6AB6-F800-4c08-8B7A-83BB121AAD01}</UniqueIdentifier>
      <Extensions>rc;ico;cur;bmp;dlg;rc2;rct;bin;rgs;gif;jpg;jpeg;jpe;resx;tiff;tif;png;wav;mfcribbon-ms</Extensions>
    </Filter>
  </ItemGroup>
  <ItemGroup>
    <ClCompile Include="main.cpp">
      <Filter>Source Files</Filter>
    </ClCompile>
  </ItemGroup>
  <ItemGroup>
    <ResourceCompile Include="Resource.rc">
      <Filter>Resource Files</Filter>
    </ResourceCompile>
  </ItemGroup>
  <ItemGroup>
    <Image Include="..\number buttons\bitmap1.bmp">
      <Filter>Resource Files</Filter>
    </Image>
    <Image Include="..\Number buttons\Custom Fonts\point_button.bmp">
      <Filter>Resource Files</Filter>
    </Image>
    <Image Include="..\Number buttons\Custom Fonts\zero_buttonr.bmp">
      <Filter>Resource Files</Filter>
    </Image>
    <Image Include="..\Number buttons\Custom Fonts\unit_button.bmp">
      <Filter>Resource Files</Filter>
    </Image>
    <Image Include="..\Number buttons\Custom Fonts\two_button.bmp">
      <Filter>Resource Files</Filter>
    </Image>
    <Image Include="..\Number buttons\Custom Fonts\three_button.bmp">
      <Filter>Resource Files</Filter>
    </Image>
    <Image Include="..\Number buttons\Custom Fonts\four.bmp">
      <Filter>Resource Files</Filter>
    </Image>
    <Image Include="..\Number buttons\Custom Fonts\five_button.bmp">
      <Filter>Resource Files</Filter>
    </Image>
    <Image Include="..\Number buttons\Custom Fonts\six_button.bmp">
      <Filter>Resource Files</Filter>
    </Image>
    <Image Include="..\Number buttons\Custom Fonts\plus_button.bmp">
      <Filter>Resource Files</Filter>
    </Image>
    <Image Include="..\number buttons\custom fonts\bitmap1.bmp">
      <Filter>Resource Files</Filter>
    </Image>
    <Image Include="..\Number buttons\Custom Fonts\minus_button.bmp">
      <Filter>Resource Files</Filter>
    </Image>
    <Image Include="..\Number buttons\Custom Fonts\asterick_button.bmp">
      <Filter>Resource Files</Filter>
    </Image>
    <Image Include="..\Number buttons\Custom Fonts\divide_button.bmp">
      <Filter>Resource Files</Filter>
    </Image>
    <Image Include="..\Number buttons\Custom Fonts\seven_button.bmp">
      <Filter>Resource Files</Filter>
    </Image>
    <Image Include="..\Number buttons\Custom Fonts\eight_button.bmp">
      <Filter>Resource Files</Filter>
    </Image>
    <Image Include="..\Number buttons\Custom Fonts\nine_button.bmp">
      <Filter>Resource Files</Filter>
    </Image>
    <Image Include="..\Number buttons\Custom Fonts\equal_button.bmp">
      <Filter>Resource Files</Filter>
    </Image>
    <Image Include="..\Number buttons\Custom Fonts\clr_button.bmp">
      <Filter>Resource Files</Filter>
    </Image>
    <Image Include="..\Number buttons\Custom Fonts\exponetation_button.bmp">
      <Filter>Resource Files</Filter>
    </Image>
    <Image Include="..\Number buttons\Custom Fonts\root_from_number_button.bmp">
      <Filter>Resource Files</Filter>
    </Image>
    <Image Include="..\Number buttons\Downloaded Fonts\zero_buttonr.bmp">
      <Filter>Resource Files</Filter>
    </Image>
    <Image Include="..\Number buttons\Downloaded Fonts\unit_button.bmp">
      <Filter>Resource Files</Filter>
    </Image>
    <Image Include="..\Number buttons\Downloaded Fonts\two_button.bmp">
      <Filter>Resource Files</Filter>
    </Image>
    <Image Include="..\Number buttons\Downloaded Fonts\three_button.bmp">
      <Filter>Resource Files</Filter>
    </Image>
    <Image Include="..\Number buttons\Downloaded Fonts\four_button.bmp">
      <Filter>Resource Files</Filter>
    </Image>
    <Image Include="..\Number buttons\Downloaded Fonts\five_button.bmp">
      <Filter>Resource Files</Filter>
    </Image>
    <Image Include="..\Number buttons\Downloaded Fonts\six_button.bmp">
      <Filter>Resource Files</Filter>
    </Image>
    <Image Include="..\Number buttons\Downloaded Fonts\seven_button.bmp">
      <Filter>Resource Files</Filter>
    </Image>
    <Image Include="..\Number buttons\Downloaded Fonts\eight_button.bmp">
      <Filter>Resource Files</Filter>
    </Image>
    <Image Include="..\Number buttons\Downloaded Fonts\nine_button.bmp">
      <Filter>Resource Files</Filter>
    </Image>
    <Image Include="..\Number buttons\Downloaded Fonts\dot_button.bmp">
      <Filter>Resource Files</Filter>
    </Image>
    <Image Include="..\Number buttons\Downloaded Fonts\plus_button.bmp">
      <Filter>Resource Files</Filter>
    </Image>
    <Image Include="..\Number buttons\Downloaded Fonts\minus_button.bmp">
      <Filter>Resource Files</Filter>
    </Image>
    <Image Include="..\Number buttons\Downloaded Fonts\mul_button.bmp">
      <Filter>Resource Files</Filter>
    </Image>
    <Image Include="..\Number buttons\Downloaded Fonts\div_button.bmp">
      <Filter>Resource Files</Filter>
    </Image>
    <Image Include="..\Number buttons\Downloaded Fonts\equal_button.bmp">
      <Filter>Resource Files</Filter>
    </Image>
    <Image Include="..\Number buttons\Downloaded Fonts\c_button.bmp">
      <Filter>Resource Files</Filter>
    </Image>
    <Image Include="..\Number buttons\Downloaded Fonts\sqrt_button.bmp">
      <Filter>Resource Files</Filter>
    </Image>
    <Image Include="..\Number buttons\Downloaded Fonts\degree_button.bmp">
      <Filter>Resource Files</Filter>
    </Image>
  </ItemGroup>
  <ItemGroup>
    <ClInclude Include="resource.h">
      <Filter>Header Files</Filter>
    </ClInclude>
  </ItemGroup>
</Project>